
Microsoft Visual Studio Solution File, Format Version 12.00
# Visual Studio Version 17
VisualStudioVersion = 17.0.31903.59
MinimumVisualStudioVersion = 10.0.40219.1
Project("{FAE04EC0-301F-11D3-BF4B-00C04F79EFBC}") = "LightMediator.EventBus.SignalR", "src\LightMediator.EventBus.SignalR\LightMediator.EventBus.SignalR.csproj", "{426F0FCD-A0E3-4935-8E4F-C79426B95691}"
EndProject
Project("{2150E333-8FDC-42A3-9474-1A3956D46DE8}") = "Examples", "Examples", "{38667B8B-4A4E-4953-8DCE-6E6E1EB71A42}"
EndProject
Project("{FAE04EC0-301F-11D3-BF4B-00C04F79EFBC}") = "SignalRServer", "src\Examples\SignalRServer\SignalRServer.csproj", "{7B4D6429-69AD-43B4-B7D2-8A42E54817AF}"
EndProject
Project("{FAE04EC0-301F-11D3-BF4B-00C04F79EFBC}") = "WorkerService1", "src\Examples\WorkerService1\WorkerService1.csproj", "{48A54FE7-2D3F-4D1B-9D7F-E7F48232C93A}"
EndProject
Project("{FAE04EC0-301F-11D3-BF4B-00C04F79EFBC}") = "WorkerService2", "src\Examples\WorkerService2\WorkerService2.csproj", "{F7165C2C-34ED-42B6-8206-7A04927D8C5F}"
EndProject
Global
	GlobalSection(SolutionConfigurationPlatforms) = preSolution
		Debug|Any CPU = Debug|Any CPU
		Release|Any CPU = Release|Any CPU
	EndGlobalSection
	GlobalSection(ProjectConfigurationPlatforms) = postSolution
		{426F0FCD-A0E3-4935-8E4F-C79426B95691}.Debug|Any CPU.ActiveCfg = Debug|Any CPU
		{426F0FCD-A0E3-4935-8E4F-C79426B95691}.Debug|Any CPU.Build.0 = Debug|Any CPU
		{426F0FCD-A0E3-4935-8E4F-C79426B95691}.Release|Any CPU.ActiveCfg = Release|Any CPU
		{426F0FCD-A0E3-4935-8E4F-C79426B95691}.Release|Any CPU.Build.0 = Release|Any CPU
		{7B4D6429-69AD-43B4-B7D2-8A42E54817AF}.Debug|Any CPU.ActiveCfg = Debug|Any CPU
		{7B4D6429-69AD-43B4-B7D2-8A42E54817AF}.Debug|Any CPU.Build.0 = Debug|Any CPU
		{7B4D6429-69AD-43B4-B7D2-8A42E54817AF}.Release|Any CPU.ActiveCfg = Release|Any CPU
		{7B4D6429-69AD-43B4-B7D2-8A42E54817AF}.Release|Any CPU.Build.0 = Release|Any CPU
		{48A54FE7-2D3F-4D1B-9D7F-E7F48232C93A}.Debug|Any CPU.ActiveCfg = Debug|Any CPU
		{48A54FE7-2D3F-4D1B-9D7F-E7F48232C93A}.Debug|Any CPU.Build.0 = Debug|Any CPU
		{48A54FE7-2D3F-4D1B-9D7F-E7F48232C93A}.Release|Any CPU.ActiveCfg = Release|Any CPU
		{48A54FE7-2D3F-4D1B-9D7F-E7F48232C93A}.Release|Any CPU.Build.0 = Release|Any CPU
		{F7165C2C-34ED-42B6-8206-7A04927D8C5F}.Debug|Any CPU.ActiveCfg = Debug|Any CPU
		{F7165C2C-34ED-42B6-8206-7A04927D8C5F}.Debug|Any CPU.Build.0 = Debug|Any CPU
		{F7165C2C-34ED-42B6-8206-7A04927D8C5F}.Release|Any CPU.ActiveCfg = Release|Any CPU
		{F7165C2C-34ED-42B6-8206-7A04927D8C5F}.Release|Any CPU.Build.0 = Release|Any CPU
	EndGlobalSection
	GlobalSection(SolutionProperties) = preSolution
		HideSolutionNode = FALSE
	EndGlobalSection
	GlobalSection(NestedProjects) = preSolution
		{7B4D6429-69AD-43B4-B7D2-8A42E54817AF} = {38667B8B-4A4E-4953-8DCE-6E6E1EB71A42}
		{48A54FE7-2D3F-4D1B-9D7F-E7F48232C93A} = {38667B8B-4A4E-4953-8DCE-6E6E1EB71A42}
		{F7165C2C-34ED-42B6-8206-7A04927D8C5F} = {38667B8B-4A4E-4953-8DCE-6E6E1EB71A42}
	EndGlobalSection
EndGlobal
